// !$*UTF8*$!
{
	archiveVersion = 1;
	classes = {
	};
	objectVersion = 50;
	objects = {

/* Begin PBXBuildFile section */
		316984C023D3FAC200CE5F13 /* AppDelegate.swift in Sources */ = {isa = PBXBuildFile; fileRef = 316984BF23D3FAC200CE5F13 /* AppDelegate.swift */; };
		316984C223D3FAC200CE5F13 /* SceneDelegate.swift in Sources */ = {isa = PBXBuildFile; fileRef = 316984C123D3FAC200CE5F13 /* SceneDelegate.swift */; };
		316984C423D3FAC200CE5F13 /* ViewController.swift in Sources */ = {isa = PBXBuildFile; fileRef = 316984C323D3FAC200CE5F13 /* ViewController.swift */; };
		316984C723D3FAC200CE5F13 /* Main.storyboard in Resources */ = {isa = PBXBuildFile; fileRef = 316984C523D3FAC200CE5F13 /* Main.storyboard */; };
		316984C923D3FAC400CE5F13 /* Assets.xcassets in Resources */ = {isa = PBXBuildFile; fileRef = 316984C823D3FAC400CE5F13 /* Assets.xcassets */; };
		316984CC23D3FAC400CE5F13 /* LaunchScreen.storyboard in Resources */ = {isa = PBXBuildFile; fileRef = 316984CA23D3FAC400CE5F13 /* LaunchScreen.storyboard */; };
		316984D723D4062C00CE5F13 /* StudentsTabBarController.swift in Sources */ = {isa = PBXBuildFile; fileRef = 316984D623D4062C00CE5F13 /* StudentsTabBarController.swift */; };
		316984D923D4065400CE5F13 /* StudentsMapViewController.swift in Sources */ = {isa = PBXBuildFile; fileRef = 316984D823D4065400CE5F13 /* StudentsMapViewController.swift */; };
		316984DB23D4066400CE5F13 /* StudentsListViewController.swift in Sources */ = {isa = PBXBuildFile; fileRef = 316984DA23D4066400CE5F13 /* StudentsListViewController.swift */; };
		316984DD23D4067F00CE5F13 /* InformationPostingViewController.swift in Sources */ = {isa = PBXBuildFile; fileRef = 316984DC23D4067F00CE5F13 /* InformationPostingViewController.swift */; };
		316984DF23D406A500CE5F13 /* Constants.swift in Sources */ = {isa = PBXBuildFile; fileRef = 316984DE23D406A500CE5F13 /* Constants.swift */; };
		316984E123D406C300CE5F13 /* StudentRecord.swift in Sources */ = {isa = PBXBuildFile; fileRef = 316984E023D406C300CE5F13 /* StudentRecord.swift */; };
		316984E323D406DF00CE5F13 /* StudentRecordCache.swift in Sources */ = {isa = PBXBuildFile; fileRef = 316984E223D406DF00CE5F13 /* StudentRecordCache.swift */; };
		316984E523D406F900CE5F13 /* ParseClient.swift in Sources */ = {isa = PBXBuildFile; fileRef = 316984E423D406F900CE5F13 /* ParseClient.swift */; };
		316984E723D4071900CE5F13 /* UdacityClient.swift in Sources */ = {isa = PBXBuildFile; fileRef = 316984E623D4071900CE5F13 /* UdacityClient.swift */; };
		316984EB23D4274200CE5F13 /* LocationFinder.swift in Sources */ = {isa = PBXBuildFile; fileRef = 316984EA23D4274200CE5F13 /* LocationFinder.swift */; };
		316984ED23D4276200CE5F13 /* Utilities.swift in Sources */ = {isa = PBXBuildFile; fileRef = 316984EC23D4276200CE5F13 /* Utilities.swift */; };
		316984EF23D4277B00CE5F13 /* ResponseHandler.swift in Sources */ = {isa = PBXBuildFile; fileRef = 316984EE23D4277B00CE5F13 /* ResponseHandler.swift */; };
		316984F123D4279A00CE5F13 /* JSONParser.swift in Sources */ = {isa = PBXBuildFile; fileRef = 316984F023D4279A00CE5F13 /* JSONParser.swift */; };
/* End PBXBuildFile section */

/* Begin PBXFileReference section */
		316984BC23D3FAC200CE5F13 /* On The Map.app */ = {isa = PBXFileReference; explicitFileType = wrapper.application; includeInIndex = 0; path = "On The Map.app"; sourceTree = BUILT_PRODUCTS_DIR; };
		316984BF23D3FAC200CE5F13 /* AppDelegate.swift */ = {isa = PBXFileReference; lastKnownFileType = sourcecode.swift; path = AppDelegate.swift; sourceTree = "<group>"; };
		316984C123D3FAC200CE5F13 /* SceneDelegate.swift */ = {isa = PBXFileReference; lastKnownFileType = sourcecode.swift; path = SceneDelegate.swift; sourceTree = "<group>"; };
		316984C323D3FAC200CE5F13 /* ViewController.swift */ = {isa = PBXFileReference; lastKnownFileType = sourcecode.swift; path = ViewController.swift; sourceTree = "<group>"; };
		316984C623D3FAC200CE5F13 /* Base */ = {isa = PBXFileReference; lastKnownFileType = file.storyboard; name = Base; path = Base.lproj/Main.storyboard; sourceTree = "<group>"; };
		316984C823D3FAC400CE5F13 /* Assets.xcassets */ = {isa = PBXFileReference; lastKnownFileType = folder.assetcatalog; path = Assets.xcassets; sourceTree = "<group>"; };
		316984CB23D3FAC400CE5F13 /* Base */ = {isa = PBXFileReference; lastKnownFileType = file.storyboard; name = Base; path = Base.lproj/LaunchScreen.storyboard; sourceTree = "<group>"; };
		316984CD23D3FAC400CE5F13 /* Info.plist */ = {isa = PBXFileReference; lastKnownFileType = text.plist.xml; path = Info.plist; sourceTree = "<group>"; };
		316984D623D4062C00CE5F13 /* StudentsTabBarController.swift */ = {isa = PBXFileReference; lastKnownFileType = sourcecode.swift; path = StudentsTabBarController.swift; sourceTree = "<group>"; };
		316984D823D4065400CE5F13 /* StudentsMapViewController.swift */ = {isa = PBXFileReference; lastKnownFileType = sourcecode.swift; path = StudentsMapViewController.swift; sourceTree = "<group>"; };
		316984DA23D4066400CE5F13 /* StudentsListViewController.swift */ = {isa = PBXFileReference; lastKnownFileType = sourcecode.swift; path = StudentsListViewController.swift; sourceTree = "<group>"; };
		316984DC23D4067F00CE5F13 /* InformationPostingViewController.swift */ = {isa = PBXFileReference; lastKnownFileType = sourcecode.swift; path = InformationPostingViewController.swift; sourceTree = "<group>"; };
		316984DE23D406A500CE5F13 /* Constants.swift */ = {isa = PBXFileReference; lastKnownFileType = sourcecode.swift; path = Constants.swift; sourceTree = "<group>"; };
		316984E023D406C300CE5F13 /* StudentRecord.swift */ = {isa = PBXFileReference; lastKnownFileType = sourcecode.swift; path = StudentRecord.swift; sourceTree = "<group>"; };
		316984E223D406DF00CE5F13 /* StudentRecordCache.swift */ = {isa = PBXFileReference; lastKnownFileType = sourcecode.swift; path = StudentRecordCache.swift; sourceTree = "<group>"; };
		316984E423D406F900CE5F13 /* ParseClient.swift */ = {isa = PBXFileReference; lastKnownFileType = sourcecode.swift; path = ParseClient.swift; sourceTree = "<group>"; };
		316984E623D4071900CE5F13 /* UdacityClient.swift */ = {isa = PBXFileReference; lastKnownFileType = sourcecode.swift; path = UdacityClient.swift; sourceTree = "<group>"; };
		316984EA23D4274200CE5F13 /* LocationFinder.swift */ = {isa = PBXFileReference; lastKnownFileType = sourcecode.swift; path = LocationFinder.swift; sourceTree = "<group>"; };
		316984EC23D4276200CE5F13 /* Utilities.swift */ = {isa = PBXFileReference; lastKnownFileType = sourcecode.swift; path = Utilities.swift; sourceTree = "<group>"; };
		316984EE23D4277B00CE5F13 /* ResponseHandler.swift */ = {isa = PBXFileReference; lastKnownFileType = sourcecode.swift; path = ResponseHandler.swift; sourceTree = "<group>"; };
		316984F023D4279A00CE5F13 /* JSONParser.swift */ = {isa = PBXFileReference; lastKnownFileType = sourcecode.swift; path = JSONParser.swift; sourceTree = "<group>"; };
/* End PBXFileReference section */

/* Begin PBXFrameworksBuildPhase section */
		316984B923D3FAC200CE5F13 /* Frameworks */ = {
			isa = PBXFrameworksBuildPhase;
			buildActionMask = 2147483647;
			files = (
			);
			runOnlyForDeploymentPostprocessing = 0;
		};
/* End PBXFrameworksBuildPhase section */

/* Begin PBXGroup section */
		316984B323D3FAC200CE5F13 = {
			isa = PBXGroup;
			children = (
				316984BE23D3FAC200CE5F13 /* On The Map */,
				316984BD23D3FAC200CE5F13 /* Products */,
			);
			sourceTree = "<group>";
		};
		316984BD23D3FAC200CE5F13 /* Products */ = {
			isa = PBXGroup;
			children = (
				316984BC23D3FAC200CE5F13 /* On The Map.app */,
			);
			name = Products;
			sourceTree = "<group>";
		};
		316984BE23D3FAC200CE5F13 /* On The Map */ = {
			isa = PBXGroup;
			children = (
				316984D523D405BB00CE5F13 /* Utilities */,
				316984D423D405B200CE5F13 /* Models */,
				316984D323D405A700CE5F13 /* Controller */,
				316984BF23D3FAC200CE5F13 /* AppDelegate.swift */,
				316984C123D3FAC200CE5F13 /* SceneDelegate.swift */,
				316984C323D3FAC200CE5F13 /* ViewController.swift */,
				316984C523D3FAC200CE5F13 /* Main.storyboard */,
				316984C823D3FAC400CE5F13 /* Assets.xcassets */,
				316984CA23D3FAC400CE5F13 /* LaunchScreen.storyboard */,
				316984CD23D3FAC400CE5F13 /* Info.plist */,
			);
			path = "On The Map";
			sourceTree = "<group>";
		};
		316984D323D405A700CE5F13 /* Controller */ = {
			isa = PBXGroup;
			children = (
				316984D623D4062C00CE5F13 /* StudentsTabBarController.swift */,
				316984D823D4065400CE5F13 /* StudentsMapViewController.swift */,
				316984DA23D4066400CE5F13 /* StudentsListViewController.swift */,
				316984DC23D4067F00CE5F13 /* InformationPostingViewController.swift */,
			);
			path = Controller;
			sourceTree = "<group>";
		};
		316984D423D405B200CE5F13 /* Models */ = {
			isa = PBXGroup;
			children = (
				316984DE23D406A500CE5F13 /* Constants.swift */,
				316984E023D406C300CE5F13 /* StudentRecord.swift */,
				316984E223D406DF00CE5F13 /* StudentRecordCache.swift */,
				316984E423D406F900CE5F13 /* ParseClient.swift */,
				316984E623D4071900CE5F13 /* UdacityClient.swift */,
			);
			path = Models;
			sourceTree = "<group>";
		};
		316984D523D405BB00CE5F13 /* Utilities */ = {
			isa = PBXGroup;
			children = (
				316984EA23D4274200CE5F13 /* LocationFinder.swift */,
				316984EC23D4276200CE5F13 /* Utilities.swift */,
				316984EE23D4277B00CE5F13 /* ResponseHandler.swift */,
				316984F023D4279A00CE5F13 /* JSONParser.swift */,
			);
			path = Utilities;
			sourceTree = "<group>";
		};
/* End PBXGroup section */

/* Begin PBXNativeTarget section */
		316984BB23D3FAC200CE5F13 /* On The Map */ = {
			isa = PBXNativeTarget;
			buildConfigurationList = 316984D023D3FAC400CE5F13 /* Build configuration list for PBXNativeTarget "On The Map" */;
			buildPhases = (
				316984B823D3FAC200CE5F13 /* Sources */,
				316984B923D3FAC200CE5F13 /* Frameworks */,
				316984BA23D3FAC200CE5F13 /* Resources */,
			);
			buildRules = (
			);
			dependencies = (
			);
			name = "On The Map";
			productName = "On The Map";
			productReference = 316984BC23D3FAC200CE5F13 /* On The Map.app */;
			productType = "com.apple.product-type.application";
		};
/* End PBXNativeTarget section */

/* Begin PBXProject section */
		316984B423D3FAC200CE5F13 /* Project object */ = {
			isa = PBXProject;
			attributes = {
				LastSwiftUpdateCheck = 1130;
				LastUpgradeCheck = 1130;
				ORGANIZATIONNAME = "aekachai tungrattanavalee";
				TargetAttributes = {
					316984BB23D3FAC200CE5F13 = {
						CreatedOnToolsVersion = 11.3.1;
					};
				};
			};
			buildConfigurationList = 316984B723D3FAC200CE5F13 /* Build configuration list for PBXProject "On The Map" */;
			compatibilityVersion = "Xcode 9.3";
			developmentRegion = en;
			hasScannedForEncodings = 0;
			knownRegions = (
				en,
				Base,
			);
			mainGroup = 316984B323D3FAC200CE5F13;
			productRefGroup = 316984BD23D3FAC200CE5F13 /* Products */;
			projectDirPath = "";
			projectRoot = "";
			targets = (
				316984BB23D3FAC200CE5F13 /* On The Map */,
			);
		};
/* End PBXProject section */

/* Begin PBXResourcesBuildPhase section */
		316984BA23D3FAC200CE5F13 /* Resources */ = {
			isa = PBXResourcesBuildPhase;
			buildActionMask = 2147483647;
			files = (
				316984CC23D3FAC400CE5F13 /* LaunchScreen.storyboard in Resources */,
				316984C923D3FAC400CE5F13 /* Assets.xcassets in Resources */,
				316984C723D3FAC200CE5F13 /* Main.storyboard in Resources */,
			);
			runOnlyForDeploymentPostprocessing = 0;
		};
/* End PBXResourcesBuildPhase section */

/* Begin PBXSourcesBuildPhase section */
		316984B823D3FAC200CE5F13 /* Sources */ = {
			isa = PBXSourcesBuildPhase;
			buildActionMask = 2147483647;
			files = (
				316984DB23D4066400CE5F13 /* StudentsListViewController.swift in Sources */,
				316984EB23D4274200CE5F13 /* LocationFinder.swift in Sources */,
				316984C423D3FAC200CE5F13 /* ViewController.swift in Sources */,
				316984ED23D4276200CE5F13 /* Utilities.swift in Sources */,
				316984C023D3FAC200CE5F13 /* AppDelegate.swift in Sources */,
				316984E323D406DF00CE5F13 /* StudentRecordCache.swift in Sources */,
				316984E123D406C300CE5F13 /* StudentRecord.swift in Sources */,
				316984F123D4279A00CE5F13 /* JSONParser.swift in Sources */,
				316984D923D4065400CE5F13 /* StudentsMapViewController.swift in Sources */,
				316984DD23D4067F00CE5F13 /* InformationPostingViewController.swift in Sources */,
				316984C223D3FAC200CE5F13 /* SceneDelegate.swift in Sources */,
				316984E723D4071900CE5F13 /* UdacityClient.swift in Sources */,
				316984D723D4062C00CE5F13 /* StudentsTabBarController.swift in Sources */,
				316984EF23D4277B00CE5F13 /* ResponseHandler.swift in Sources */,
				316984DF23D406A500CE5F13 /* Constants.swift in Sources */,
				316984E523D406F900CE5F13 /* ParseClient.swift in Sources */,
			);
			runOnlyForDeploymentPostprocessing = 0;
		};
/* End PBXSourcesBuildPhase section */

/* Begin PBXVariantGroup section */
		316984C523D3FAC200CE5F13 /* Main.storyboard */ = {
			isa = PBXVariantGroup;
			children = (
				316984C623D3FAC200CE5F13 /* Base */,
			);
			name = Main.storyboard;
			sourceTree = "<group>";
		};
		316984CA23D3FAC400CE5F13 /* LaunchScreen.storyboard */ = {
			isa = PBXVariantGroup;
			children = (
				316984CB23D3FAC400CE5F13 /* Base */,
			);
			name = LaunchScreen.storyboard;
			sourceTree = "<group>";
		};
/* End PBXVariantGroup section */

/* Begin XCBuildConfiguration section */
		316984CE23D3FAC400CE5F13 /* Debug */ = {
			isa = XCBuildConfiguration;
			buildSettings = {
				ALWAYS_SEARCH_USER_PATHS = NO;
				CLANG_ANALYZER_NONNULL = YES;
				CLANG_ANALYZER_NUMBER_OBJECT_CONVERSION = YES_AGGRESSIVE;
				CLANG_CXX_LANGUAGE_STANDARD = "gnu++14";
				CLANG_CXX_LIBRARY = "libc++";
				CLANG_ENABLE_MODULES = YES;
				CLANG_ENABLE_OBJC_ARC = YES;
				CLANG_ENABLE_OBJC_WEAK = YES;
				CLANG_WARN_BLOCK_CAPTURE_AUTORELEASING = YES;
				CLANG_WARN_BOOL_CONVERSION = YES;
				CLANG_WARN_COMMA = YES;
				CLANG_WARN_CONSTANT_CONVERSION = YES;
				CLANG_WARN_DEPRECATED_OBJC_IMPLEMENTATIONS = YES;
				CLANG_WARN_DIRECT_OBJC_ISA_USAGE = YES_ERROR;
				CLANG_WARN_DOCUMENTATION_COMMENTS = YES;
				CLANG_WARN_EMPTY_BODY = YES;
				CLANG_WARN_ENUM_CONVERSION = YES;
				CLANG_WARN_INFINITE_RECURSION = YES;
				CLANG_WARN_INT_CONVERSION = YES;
				CLANG_WARN_NON_LITERAL_NULL_CONVERSION = YES;
				CLANG_WARN_OBJC_IMPLICIT_RETAIN_SELF = YES;
				CLANG_WARN_OBJC_LITERAL_CONVERSION = YES;
				CLANG_WARN_OBJC_ROOT_CLASS = YES_ERROR;
				CLANG_WARN_RANGE_LOOP_ANALYSIS = YES;
				CLANG_WARN_STRICT_PROTOTYPES = YES;
				CLANG_WARN_SUSPICIOUS_MOVE = YES;
				CLANG_WARN_UNGUARDED_AVAILABILITY = YES_AGGRESSIVE;
				CLANG_WARN_UNREACHABLE_CODE = YES;
				CLANG_WARN__DUPLICATE_METHOD_MATCH = YES;
				COPY_PHASE_STRIP = NO;
				DEBUG_INFORMATION_FORMAT = dwarf;
				ENABLE_STRICT_OBJC_MSGSEND = YES;
				ENABLE_TESTABILITY = YES;
				GCC_C_LANGUAGE_STANDARD = gnu11;
				GCC_DYNAMIC_NO_PIC = NO;
				GCC_NO_COMMON_BLOCKS = YES;
				GCC_OPTIMIZATION_LEVEL = 0;
				GCC_PREPROCESSOR_DEFINITIONS = (
					"DEBUG=1",
					"$(inherited)",
				);
				GCC_WARN_64_TO_32_BIT_CONVERSION = YES;
				GCC_WARN_ABOUT_RETURN_TYPE = YES_ERROR;
				GCC_WARN_UNDECLARED_SELECTOR = YES;
				GCC_WARN_UNINITIALIZED_AUTOS = YES_AGGRESSIVE;
				GCC_WARN_UNUSED_FUNCTION = YES;
				GCC_WARN_UNUSED_VARIABLE = YES;
				IPHONEOS_DEPLOYMENT_TARGET = 13.2;
				MTL_ENABLE_DEBUG_INFO = INCLUDE_SOURCE;
				MTL_FAST_MATH = YES;
				ONLY_ACTIVE_ARCH = YES;
				SDKROOT = iphoneos;
				SWIFT_ACTIVE_COMPILATION_CONDITIONS = DEBUG;
				SWIFT_OPTIMIZATION_LEVEL = "-Onone";
			};
			name = Debug;
		};
		316984CF23D3FAC400CE5F13 /* Release */ = {
			isa = XCBuildConfiguration;
			buildSettings = {
				ALWAYS_SEARCH_USER_PATHS = NO;
				CLANG_ANALYZER_NONNULL = YES;
				CLANG_ANALYZER_NUMBER_OBJECT_CONVERSION = YES_AGGRESSIVE;
				CLANG_CXX_LANGUAGE_STANDARD = "gnu++14";
				CLANG_CXX_LIBRARY = "libc++";
				CLANG_ENABLE_MODULES = YES;
				CLANG_ENABLE_OBJC_ARC = YES;
				CLANG_ENABLE_OBJC_WEAK = YES;
				CLANG_WARN_BLOCK_CAPTURE_AUTORELEASING = YES;
				CLANG_WARN_BOOL_CONVERSION = YES;
				CLANG_WARN_COMMA = YES;
				CLANG_WARN_CONSTANT_CONVERSION = YES;
				CLANG_WARN_DEPRECATED_OBJC_IMPLEMENTATIONS = YES;
				CLANG_WARN_DIRECT_OBJC_ISA_USAGE = YES_ERROR;
				CLANG_WARN_DOCUMENTATION_COMMENTS = YES;
				CLANG_WARN_EMPTY_BODY = YES;
				CLANG_WARN_ENUM_CONVERSION = YES;
				CLANG_WARN_INFINITE_RECURSION = YES;
				CLANG_WARN_INT_CONVERSION = YES;
				CLANG_WARN_NON_LITERAL_NULL_CONVERSION = YES;
				CLANG_WARN_OBJC_IMPLICIT_RETAIN_SELF = YES;
				CLANG_WARN_OBJC_LITERAL_CONVERSION = YES;
				CLANG_WARN_OBJC_ROOT_CLASS = YES_ERROR;
				CLANG_WARN_RANGE_LOOP_ANALYSIS = YES;
				CLANG_WARN_STRICT_PROTOTYPES = YES;
				CLANG_WARN_SUSPICIOUS_MOVE = YES;
				CLANG_WARN_UNGUARDED_AVAILABILITY = YES_AGGRESSIVE;
				CLANG_WARN_UNREACHABLE_CODE = YES;
				CLANG_WARN__DUPLICATE_METHOD_MATCH = YES;
				COPY_PHASE_STRIP = NO;
				DEBUG_INFORMATION_FORMAT = "dwarf-with-dsym";
				ENABLE_NS_ASSERTIONS = NO;
				ENABLE_STRICT_OBJC_MSGSEND = YES;
				GCC_C_LANGUAGE_STANDARD = gnu11;
				GCC_NO_COMMON_BLOCKS = YES;
				GCC_WARN_64_TO_32_BIT_CONVERSION = YES;
				GCC_WARN_ABOUT_RETURN_TYPE = YES_ERROR;
				GCC_WARN_UNDECLARED_SELECTOR = YES;
				GCC_WARN_UNINITIALIZED_AUTOS = YES_AGGRESSIVE;
				GCC_WARN_UNUSED_FUNCTION = YES;
				GCC_WARN_UNUSED_VARIABLE = YES;
				IPHONEOS_DEPLOYMENT_TARGET = 13.2;
				MTL_ENABLE_DEBUG_INFO = NO;
				MTL_FAST_MATH = YES;
				SDKROOT = iphoneos;
				SWIFT_COMPILATION_MODE = wholemodule;
				SWIFT_OPTIMIZATION_LEVEL = "-O";
				VALIDATE_PRODUCT = YES;
			};
			name = Release;
		};
		316984D123D3FAC400CE5F13 /* Debug */ = {
			isa = XCBuildConfiguration;
			buildSettings = {
				ASSETCATALOG_COMPILER_APPICON_NAME = AppIcon;
				CODE_SIGN_STYLE = Automatic;
				DEVELOPMENT_TEAM = AVY687VTK2;
				INFOPLIST_FILE = "On The Map/Info.plist";
				LD_RUNPATH_SEARCH_PATHS = (
					"$(inherited)",
					"@executable_path/Frameworks",
				);
				PRODUCT_BUNDLE_IDENTIFIER = "com.ddi.On-The-Map";
				PRODUCT_NAME = "$(TARGET_NAME)";
				SWIFT_VERSION = 5.0;
				TARGETED_DEVICE_FAMILY = "1,2";
			};
			name = Debug;
		};
		316984D223D3FAC400CE5F13 /* Release */ = {
			isa = XCBuildConfiguration;
			buildSettings = {
				ASSETCATALOG_COMPILER_APPICON_NAME = AppIcon;
				CODE_SIGN_STYLE = Automatic;
				DEVELOPMENT_TEAM = AVY687VTK2;
				INFOPLIST_FILE = "On The Map/Info.plist";
				LD_RUNPATH_SEARCH_PATHS = (
					"$(inherited)",
					"@executable_path/Frameworks",
				);
				PRODUCT_BUNDLE_IDENTIFIER = "com.ddi.On-The-Map";
				PRODUCT_NAME = "$(TARGET_NAME)";
				SWIFT_VERSION = 5.0;
				TARGETED_DEVICE_FAMILY = "1,2";
			};
			name = Release;
		};
/* End XCBuildConfiguration section */

/* Begin XCConfigurationList section */
		316984B723D3FAC200CE5F13 /* Build configuration list for PBXProject "On The Map" */ = {
			isa = XCConfigurationList;
			buildConfigurations = (
				316984CE23D3FAC400CE5F13 /* Debug */,
				316984CF23D3FAC400CE5F13 /* Release */,
			);
			defaultConfigurationIsVisible = 0;
			defaultConfigurationName = Release;
		};
		316984D023D3FAC400CE5F13 /* Build configuration list for PBXNativeTarget "On The Map" */ = {
			isa = XCConfigurationList;
			buildConfigurations = (
				316984D123D3FAC400CE5F13 /* Debug */,
				316984D223D3FAC400CE5F13 /* Release */,
			);
			defaultConfigurationIsVisible = 0;
			defaultConfigurationName = Release;
		};
/* End XCConfigurationList section */
	};
	rootObject = 316984B423D3FAC200CE5F13 /* Project object */;
}
